
Microsoft Visual Studio Solution File, Format Version 12.00
# Visual Studio Version 16
VisualStudioVersion = 16.0.30611.23
MinimumVisualStudioVersion = 10.0.40219.1
Project("{FAE04EC0-301F-11D3-BF4B-00C04F79EFBC}") = "MailSender", "MailSender\MailSender.csproj", "{D46A26AA-F6CF-4889-AEF1-3022637DF554}"
EndProject
Project("{FAE04EC0-301F-11D3-BF4B-00C04F79EFBC}") = "MailSenderLib", "MailSenderLib\MailSenderLib.csproj", "{F83C96FD-9788-4C47-A8FA-155A36F515E9}"
EndProject
Project("{FAE04EC0-301F-11D3-BF4B-00C04F79EFBC}") = "CodePassword", "CodePassword\CodePassword.csproj", "{471295AD-5E30-4DA5-A417-0C7E1F375D66}"
EndProject
Project("{FAE04EC0-301F-11D3-BF4B-00C04F79EFBC}") = "TabSwitcher", "TabSwitcher\TabSwitcher.csproj", "{C30E7739-5E4A-4CE7-80C5-F763B8220530}"
EndProject
Global
	GlobalSection(SolutionConfigurationPlatforms) = preSolution
		Debug|Any CPU = Debug|Any CPU
		Release|Any CPU = Release|Any CPU
	EndGlobalSection
	GlobalSection(ProjectConfigurationPlatforms) = postSolution
		{D46A26AA-F6CF-4889-AEF1-3022637DF554}.Debug|Any CPU.ActiveCfg = Debug|Any CPU
		{D46A26AA-F6CF-4889-AEF1-3022637DF554}.Debug|Any CPU.Build.0 = Debug|Any CPU
		{D46A26AA-F6CF-4889-AEF1-3022637DF554}.Release|Any CPU.ActiveCfg = Release|Any CPU
		{D46A26AA-F6CF-4889-AEF1-3022637DF554}.Release|Any CPU.Build.0 = Release|Any CPU
		{F83C96FD-9788-4C47-A8FA-155A36F515E9}.Debug|Any CPU.ActiveCfg = Debug|Any CPU
		{F83C96FD-9788-4C47-A8FA-155A36F515E9}.Debug|Any CPU.Build.0 = Debug|Any CPU
		{F83C96FD-9788-4C47-A8FA-155A36F515E9}.Release|Any CPU.ActiveCfg = Release|Any CPU
		{F83C96FD-9788-4C47-A8FA-155A36F515E9}.Release|Any CPU.Build.0 = Release|Any CPU
		{471295AD-5E30-4DA5-A417-0C7E1F375D66}.Debug|Any CPU.ActiveCfg = Debug|Any CPU
		{471295AD-5E30-4DA5-A417-0C7E1F375D66}.Debug|Any CPU.Build.0 = Debug|Any CPU
		{471295AD-5E30-4DA5-A417-0C7E1F375D66}.Release|Any CPU.ActiveCfg = Release|Any CPU
		{471295AD-5E30-4DA5-A417-0C7E1F375D66}.Release|Any CPU.Build.0 = Release|Any CPU
		{C30E7739-5E4A-4CE7-80C5-F763B8220530}.Debug|Any CPU.ActiveCfg = Debug|Any CPU
		{C30E7739-5E4A-4CE7-80C5-F763B8220530}.Debug|Any CPU.Build.0 = Debug|Any CPU
		{C30E7739-5E4A-4CE7-80C5-F763B8220530}.Release|Any CPU.ActiveCfg = Release|Any CPU
		{C30E7739-5E4A-4CE7-80C5-F763B8220530}.Release|Any CPU.Build.0 = Release|Any CPU
	EndGlobalSection
	GlobalSection(SolutionProperties) = preSolution
		HideSolutionNode = FALSE
	EndGlobalSection
	GlobalSection(ExtensibilityGlobals) = postSolution
		SolutionGuid = {0574AB27-E003-40FD-8AF3-9A29934E78BC}
	EndGlobalSection
EndGlobal
